PODS:
  - Promises (2.0)
  - ReactiveReSwift (4.0.0)
  - ReSwift (4.0.1)
  - ReSwiftRouter (0.6.0):
    - ReSwift (~> 4.0.0)

DEPENDENCIES:
  - Promises
  - ReactiveReSwift
  - ReSwift
  - ReSwiftRouter

SPEC CHECKSUMS:
  Promises: fd16528f8332744de33db7e1067cd32b3d550466
  ReactiveReSwift: b6187229efcc5ec819fb1d3d19716c231bcc0456
  ReSwift: f4012c613e13da7398827fe5aebdb938eaed40a3
  ReSwiftRouter: 81f41b37a5dd1c88e1d3d10a660ff2dcc939ba7c

PODFILE CHECKSUM: 763bd6c334d1bf1e6cb9666659abe5e13e24a71e

COCOAPODS: 1.4.0
