// !$*UTF8*$!
{
	archiveVersion = 1;
	classes = {
	};
	objectVersion = 48;
	objects = {

/* Begin PBXBuildFile section */
		52795A851E06309882272307 /* Pods_CoreDataNetworkLayer.framework in Frameworks */ = {isa = PBXBuildFile; fileRef = 2D84CC30091B58AA78E22867 /* Pods_CoreDataNetworkLayer.framework */; };
		9212C7912028430400B23B09 /* OperationExtension.swift in Sources */ = {isa = PBXBuildFile; fileRef = 9212C7902028430400B23B09 /* OperationExtension.swift */; };
		9245961720235B9700C4F591 /* FirebaseListData.swift in Sources */ = {isa = PBXBuildFile; fileRef = 9245961620235B9700C4F591 /* FirebaseListData.swift */; };
		929E0757200CAC5C004F8BA1 /* CoreDataNetworkLayerTests.swift in Sources */ = {isa = PBXBuildFile; fileRef = 929E0756200CAC5C004F8BA1 /* CoreDataNetworkLayerTests.swift */; };
		92B4A78E2022093F00276B3F /* Constants.swift in Sources */ = {isa = PBXBuildFile; fileRef = 92B4A7512022093E00276B3F /* Constants.swift */; };
		92B4A78F2022093F00276B3F /* DepartmentsViewController.swift in Sources */ = {isa = PBXBuildFile; fileRef = 92B4A7522022093E00276B3F /* DepartmentsViewController.swift */; };
		92B4A7902022093F00276B3F /* EditDepartmentController.swift in Sources */ = {isa = PBXBuildFile; fileRef = 92B4A7532022093E00276B3F /* EditDepartmentController.swift */; };
		92B4A7912022093F00276B3F /* TableViewDataSource.swift in Sources */ = {isa = PBXBuildFile; fileRef = 92B4A7542022093E00276B3F /* TableViewDataSource.swift */; };
		92B4A7922022093F00276B3F /* SyncManager.swift in Sources */ = {isa = PBXBuildFile; fileRef = 92B4A7562022093E00276B3F /* SyncManager.swift */; };
		92B4A7932022093F00276B3F /* Executable.swift in Sources */ = {isa = PBXBuildFile; fileRef = 92B4A7572022093E00276B3F /* Executable.swift */; };
		92B4A7942022093F00276B3F /* DepartmentSyncManager.swift in Sources */ = {isa = PBXBuildFile; fileRef = 92B4A7582022093E00276B3F /* DepartmentSyncManager.swift */; };
		92B4A7952022093F00276B3F /* PersistentModel.swift in Sources */ = {isa = PBXBuildFile; fileRef = 92B4A7592022093E00276B3F /* PersistentModel.swift */; };
		92B4A7962022093F00276B3F /* EmployeeProcessors.swift in Sources */ = {isa = PBXBuildFile; fileRef = 92B4A75B2022093E00276B3F /* EmployeeProcessors.swift */; };
		92B4A7972022093F00276B3F /* RequestOperation.swift in Sources */ = {isa = PBXBuildFile; fileRef = 92B4A75C2022093E00276B3F /* RequestOperation.swift */; };
		92B4A7982022093F00276B3F /* Environment.swift in Sources */ = {isa = PBXBuildFile; fileRef = 92B4A75D2022093E00276B3F /* Environment.swift */; };
		92B4A7992022093F00276B3F /* FirebaseRequest.swift in Sources */ = {isa = PBXBuildFile; fileRef = 92B4A75E2022093E00276B3F /* FirebaseRequest.swift */; };
		92B4A79A2022093F00276B3F /* BackendlessManager.swift in Sources */ = {isa = PBXBuildFile; fileRef = 92B4A75F2022093E00276B3F /* BackendlessManager.swift */; };
		92B4A79B2022093F00276B3F /* ChangeProcessor.swift in Sources */ = {isa = PBXBuildFile; fileRef = 92B4A7602022093E00276B3F /* ChangeProcessor.swift */; };
		92B4A79C2022093F00276B3F /* SessionOperation.swift in Sources */ = {isa = PBXBuildFile; fileRef = 92B4A7612022093E00276B3F /* SessionOperation.swift */; };
		92B4A79D2022093F00276B3F /* Request.swift in Sources */ = {isa = PBXBuildFile; fileRef = 92B4A7622022093E00276B3F /* Request.swift */; };
		92B4A79E2022093F00276B3F /* SessionManager.swift in Sources */ = {isa = PBXBuildFile; fileRef = 92B4A7632022093E00276B3F /* SessionManager.swift */; };
		92B4A79F2022093F00276B3F /* DepartmentProcessors.swift in Sources */ = {isa = PBXBuildFile; fileRef = 92B4A7642022093E00276B3F /* DepartmentProcessors.swift */; };
		92B4A7A02022093F00276B3F /* BackendlessRequest.swift in Sources */ = {isa = PBXBuildFile; fileRef = 92B4A7652022093E00276B3F /* BackendlessRequest.swift */; };
		92B4A7A12022093F00276B3F /* CoreDataStack.swift in Sources */ = {isa = PBXBuildFile; fileRef = 92B4A7672022093E00276B3F /* CoreDataStack.swift */; };
		92B4A7A22022093F00276B3F /* Managed.swift in Sources */ = {isa = PBXBuildFile; fileRef = 92B4A7682022093E00276B3F /* Managed.swift */; };
		92B4A7A32022093F00276B3F /* RequestCacheManager.swift in Sources */ = {isa = PBXBuildFile; fileRef = 92B4A7692022093E00276B3F /* RequestCacheManager.swift */; };
		92B4A7A52022093F00276B3F /* Caching.xcdatamodeld in Sources */ = {isa = PBXBuildFile; fileRef = 92B4A76B2022093E00276B3F /* Caching.xcdatamodeld */; };
		92B4A7A62022093F00276B3F /* EmployeesViewController.swift in Sources */ = {isa = PBXBuildFile; fileRef = 92B4A76D2022093E00276B3F /* EmployeesViewController.swift */; };
		92B4A7A72022093F00276B3F /* Assets.xcassets in Resources */ = {isa = PBXBuildFile; fileRef = 92B4A76E2022093E00276B3F /* Assets.xcassets */; };
		92B4A7A82022093F00276B3F /* CachedRequest+CoreDataClass.swift in Sources */ = {isa = PBXBuildFile; fileRef = 92B4A7712022093E00276B3F /* CachedRequest+CoreDataClass.swift */; };
		92B4A7A92022093F00276B3F /* CachedRequest+CoreDataProperties.swift in Sources */ = {isa = PBXBuildFile; fileRef = 92B4A7722022093E00276B3F /* CachedRequest+CoreDataProperties.swift */; };
		92B4A7AA2022093F00276B3F /* BackendlessSyncRequest+CoreDataClass.swift in Sources */ = {isa = PBXBuildFile; fileRef = 92B4A7742022093E00276B3F /* BackendlessSyncRequest+CoreDataClass.swift */; };
		92B4A7AB2022093F00276B3F /* BackendlessSyncRequest+CoreDataProperties.swift in Sources */ = {isa = PBXBuildFile; fileRef = 92B4A7752022093E00276B3F /* BackendlessSyncRequest+CoreDataProperties.swift */; };
		92B4A7AC2022093F00276B3F /* Department+CoreDataClass.swift in Sources */ = {isa = PBXBuildFile; fileRef = 92B4A7772022093E00276B3F /* Department+CoreDataClass.swift */; };
		92B4A7AD2022093F00276B3F /* Department+CoreDataProperties.swift in Sources */ = {isa = PBXBuildFile; fileRef = 92B4A7782022093E00276B3F /* Department+CoreDataProperties.swift */; };
		92B4A7AE2022093F00276B3F /* Employee+CoreDataProperties.swift in Sources */ = {isa = PBXBuildFile; fileRef = 92B4A77A2022093E00276B3F /* Employee+CoreDataProperties.swift */; };
		92B4A7AF2022093F00276B3F /* Employee+CoreDataClass.swift in Sources */ = {isa = PBXBuildFile; fileRef = 92B4A77B2022093E00276B3F /* Employee+CoreDataClass.swift */; };
		92B4A7B02022093F00276B3F /* Identifiable.swift in Sources */ = {isa = PBXBuildFile; fileRef = 92B4A77D2022093E00276B3F /* Identifiable.swift */; };
		92B4A7B12022093F00276B3F /* LaunchScreen.storyboard in Resources */ = {isa = PBXBuildFile; fileRef = 92B4A77E2022093E00276B3F /* LaunchScreen.storyboard */; };
		92B4A7B22022093F00276B3F /* Main.storyboard in Resources */ = {isa = PBXBuildFile; fileRef = 92B4A7802022093E00276B3F /* Main.storyboard */; };
		92B4A7B32022093F00276B3F /* Company.xcdatamodeld in Sources */ = {isa = PBXBuildFile; fileRef = 92B4A7822022093E00276B3F /* Company.xcdatamodeld */; };
		92B4A7B42022093F00276B3F /* UITableViewExtensions.swift in Sources */ = {isa = PBXBuildFile; fileRef = 92B4A7862022093E00276B3F /* UITableViewExtensions.swift */; };
		92B4A7B52022093F00276B3F /* AppDelegate.swift in Sources */ = {isa = PBXBuildFile; fileRef = 92B4A7872022093E00276B3F /* AppDelegate.swift */; };
		92B4A7B62022093F00276B3F /* EditEmployeeController.swift in Sources */ = {isa = PBXBuildFile; fileRef = 92B4A7882022093E00276B3F /* EditEmployeeController.swift */; };
		92B4A7B72022093F00276B3F /* Info.plist in Resources */ = {isa = PBXBuildFile; fileRef = 92B4A7892022093E00276B3F /* Info.plist */; };
		92B4A7BA202209FF00276B3F /* FirebaseSyncRequest+CoreDataClass.swift in Sources */ = {isa = PBXBuildFile; fileRef = 92B4A7B8202209FF00276B3F /* FirebaseSyncRequest+CoreDataClass.swift */; };
		92B4A7BB202209FF00276B3F /* FirebaseSyncRequest+CoreDataProperties.swift in Sources */ = {isa = PBXBuildFile; fileRef = 92B4A7B9202209FF00276B3F /* FirebaseSyncRequest+CoreDataProperties.swift */; };
		AF9BA42442ADBD5E81E41040 /* Pods_CoreDataNetworkLayerTests.framework in Frameworks */ = {isa = PBXBuildFile; fileRef = B2165B236AF1D196724AE665 /* Pods_CoreDataNetworkLayerTests.framework */; };
		F3D278D03F9E553867CDB016 /* Pods_CoreDataNetworkLayerUITests.framework in Frameworks */ = {isa = PBXBuildFile; fileRef = 5B91A9337701688CD139EC25 /* Pods_CoreDataNetworkLayerUITests.framework */; };
/* End PBXBuildFile section */

/* Begin PBXContainerItemProxy section */
		929E0753200CAC5C004F8BA1 /* PBXContainerItemProxy */ = {
			isa = PBXContainerItemProxy;
			containerPortal = 929E0736200CAC5B004F8BA1 /* Project object */;
			proxyType = 1;
			remoteGlobalIDString = 929E073D200CAC5B004F8BA1;
			remoteInfo = CoreDataNetworkLayer;
		};
		929E075E200CAC5C004F8BA1 /* PBXContainerItemProxy */ = {
			isa = PBXContainerItemProxy;
			containerPortal = 929E0736200CAC5B004F8BA1 /* Project object */;
			proxyType = 1;
			remoteGlobalIDString = 929E073D200CAC5B004F8BA1;
			remoteInfo = CoreDataNetworkLayer;
		};
/* End PBXContainerItemProxy section */

/* Begin PBXFileReference section */
		2D81067AFEC1A14768BDCA57 /* Pods-CoreDataNetworkLayerTests.debug.xcconfig */ = {isa = PBXFileReference; includeInIndex = 1; lastKnownFileType = text.xcconfig; name = "Pods-CoreDataNetworkLayerTests.debug.xcconfig"; path = "Pods/Target Support Files/Pods-CoreDataNetworkLayerTests/Pods-CoreDataNetworkLayerTests.debug.xcconfig"; sourceTree = "<group>"; };
		2D84CC30091B58AA78E22867 /* Pods_CoreDataNetworkLayer.framework */ = {isa = PBXFileReference; explicitFileType = wrapper.framework; includeInIndex = 0; path = Pods_CoreDataNetworkLayer.framework; sourceTree = BUILT_PRODUCTS_DIR; };
		5B91A9337701688CD139EC25 /* Pods_CoreDataNetworkLayerUITests.framework */ = {isa = PBXFileReference; explicitFileType = wrapper.framework; includeInIndex = 0; path = Pods_CoreDataNetworkLayerUITests.framework; sourceTree = BUILT_PRODUCTS_DIR; };
		8C08E25EA287EA8D4F3AEDE9 /* Pods-CoreDataNetworkLayerUITests.release.xcconfig */ = {isa = PBXFileReference; includeInIndex = 1; lastKnownFileType = text.xcconfig; name = "Pods-CoreDataNetworkLayerUITests.release.xcconfig"; path = "Pods/Target Support Files/Pods-CoreDataNetworkLayerUITests/Pods-CoreDataNetworkLayerUITests.release.xcconfig"; sourceTree = "<group>"; };
		9212C7902028430400B23B09 /* OperationExtension.swift */ = {isa = PBXFileReference; lastKnownFileType = sourcecode.swift; path = OperationExtension.swift; sourceTree = "<group>"; };
		9245961620235B9700C4F591 /* FirebaseListData.swift */ = {isa = PBXFileReference; lastKnownFileType = sourcecode.swift; path = FirebaseListData.swift; sourceTree = "<group>"; };
		929E073E200CAC5B004F8BA1 /* CoreDataNetworkLayer.app */ = {isa = PBXFileReference; explicitFileType = wrapper.application; includeInIndex = 0; path = CoreDataNetworkLayer.app; sourceTree = BUILT_PRODUCTS_DIR; };
		929E0752200CAC5C004F8BA1 /* CoreDataNetworkLayerTests.xctest */ = {isa = PBXFileReference; explicitFileType = wrapper.cfbundle; includeInIndex = 0; path = CoreDataNetworkLayerTests.xctest; sourceTree = BUILT_PRODUCTS_DIR; };
		929E0756200CAC5C004F8BA1 /* CoreDataNetworkLayerTests.swift */ = {isa = PBXFileReference; lastKnownFileType = sourcecode.swift; path = CoreDataNetworkLayerTests.swift; sourceTree = "<group>"; };
		929E0758200CAC5C004F8BA1 /* Info.plist */ = {isa = PBXFileReference; lastKnownFileType = text.plist.xml; path = Info.plist; sourceTree = "<group>"; };
		929E075D200CAC5C004F8BA1 /* CoreDataNetworkLayerUITests.xctest */ = {isa = PBXFileReference; explicitFileType = wrapper.cfbundle; includeInIndex = 0; path = CoreDataNetworkLayerUITests.xctest; sourceTree = BUILT_PRODUCTS_DIR; };
		92B4A7502022093E00276B3F /* BridgingHeader.h */ = {isa = PBXFileReference; fileEncoding = 4; lastKnownFileType = sourcecode.c.h; path = BridgingHeader.h; sourceTree = "<group>"; };
		92B4A7512022093E00276B3F /* Constants.swift */ = {isa = PBXFileReference; fileEncoding = 4; lastKnownFileType = sourcecode.swift; path = Constants.swift; sourceTree = "<group>"; };
		92B4A7522022093E00276B3F /* DepartmentsViewController.swift */ = {isa = PBXFileReference; fileEncoding = 4; lastKnownFileType = sourcecode.swift; path = DepartmentsViewController.swift; sourceTree = "<group>"; };
		92B4A7532022093E00276B3F /* EditDepartmentController.swift */ = {isa = PBXFileReference; fileEncoding = 4; lastKnownFileType = sourcecode.swift; path = EditDepartmentController.swift; sourceTree = "<group>"; };
		92B4A7542022093E00276B3F /* TableViewDataSource.swift */ = {isa = PBXFileReference; fileEncoding = 4; lastKnownFileType = sourcecode.swift; path = TableViewDataSource.swift; sourceTree = "<group>"; };
		92B4A7562022093E00276B3F /* SyncManager.swift */ = {isa = PBXFileReference; fileEncoding = 4; lastKnownFileType = sourcecode.swift; path = SyncManager.swift; sourceTree = "<group>"; };
		92B4A7572022093E00276B3F /* Executable.swift */ = {isa = PBXFileReference; fileEncoding = 4; lastKnownFileType = sourcecode.swift; path = Executable.swift; sourceTree = "<group>"; };
		92B4A7582022093E00276B3F /* DepartmentSyncManager.swift */ = {isa = PBXFileReference; fileEncoding = 4; lastKnownFileType = sourcecode.swift; path = DepartmentSyncManager.swift; sourceTree = "<group>"; };
		92B4A7592022093E00276B3F /* PersistentModel.swift */ = {isa = PBXFileReference; fileEncoding = 4; lastKnownFileType = sourcecode.swift; path = PersistentModel.swift; sourceTree = "<group>"; };
		92B4A75B2022093E00276B3F /* EmployeeProcessors.swift */ = {isa = PBXFileReference; fileEncoding = 4; lastKnownFileType = sourcecode.swift; path = EmployeeProcessors.swift; sourceTree = "<group>"; };
		92B4A75C2022093E00276B3F /* RequestOperation.swift */ = {isa = PBXFileReference; fileEncoding = 4; lastKnownFileType = sourcecode.swift; path = RequestOperation.swift; sourceTree = "<group>"; };
		92B4A75D2022093E00276B3F /* Environment.swift */ = {isa = PBXFileReference; fileEncoding = 4; lastKnownFileType = sourcecode.swift; path = Environment.swift; sourceTree = "<group>"; };
		92B4A75E2022093E00276B3F /* FirebaseRequest.swift */ = {isa = PBXFileReference; fileEncoding = 4; lastKnownFileType = sourcecode.swift; path = FirebaseRequest.swift; sourceTree = "<group>"; };
		92B4A75F2022093E00276B3F /* BackendlessManager.swift */ = {isa = PBXFileReference; fileEncoding = 4; lastKnownFileType = sourcecode.swift; path = BackendlessManager.swift; sourceTree = "<group>"; };
		92B4A7602022093E00276B3F /* ChangeProcessor.swift */ = {isa = PBXFileReference; fileEncoding = 4; lastKnownFileType = sourcecode.swift; path = ChangeProcessor.swift; sourceTree = "<group>"; };
		92B4A7612022093E00276B3F /* SessionOperation.swift */ = {isa = PBXFileReference; fileEncoding = 4; lastKnownFileType = sourcecode.swift; path = SessionOperation.swift; sourceTree = "<group>"; };
		92B4A7622022093E00276B3F /* Request.swift */ = {isa = PBXFileReference; fileEncoding = 4; lastKnownFileType = sourcecode.swift; path = Request.swift; sourceTree = "<group>"; };
		92B4A7632022093E00276B3F /* SessionManager.swift */ = {isa = PBXFileReference; fileEncoding = 4; lastKnownFileType = sourcecode.swift; path = SessionManager.swift; sourceTree = "<group>"; };
		92B4A7642022093E00276B3F /* DepartmentProcessors.swift */ = {isa = PBXFileReference; fileEncoding = 4; lastKnownFileType = sourcecode.swift; path = DepartmentProcessors.swift; sourceTree = "<group>"; };
		92B4A7652022093E00276B3F /* BackendlessRequest.swift */ = {isa = PBXFileReference; fileEncoding = 4; lastKnownFileType = sourcecode.swift; path = BackendlessRequest.swift; sourceTree = "<group>"; };
		92B4A7672022093E00276B3F /* CoreDataStack.swift */ = {isa = PBXFileReference; fileEncoding = 4; lastKnownFileType = sourcecode.swift; path = CoreDataStack.swift; sourceTree = "<group>"; };
		92B4A7682022093E00276B3F /* Managed.swift */ = {isa = PBXFileReference; fileEncoding = 4; lastKnownFileType = sourcecode.swift; path = Managed.swift; sourceTree = "<group>"; };
		92B4A7692022093E00276B3F /* RequestCacheManager.swift */ = {isa = PBXFileReference; fileEncoding = 4; lastKnownFileType = sourcecode.swift; path = RequestCacheManager.swift; sourceTree = "<group>"; };
		92B4A76C2022093E00276B3F /* Caching.xcdatamodel */ = {isa = PBXFileReference; lastKnownFileType = wrapper.xcdatamodel; path = Caching.xcdatamodel; sourceTree = "<group>"; };
		92B4A76D2022093E00276B3F /* EmployeesViewController.swift */ = {isa = PBXFileReference; fileEncoding = 4; lastKnownFileType = sourcecode.swift; path = EmployeesViewController.swift; sourceTree = "<group>"; };
		92B4A76E2022093E00276B3F /* Assets.xcassets */ = {isa = PBXFileReference; lastKnownFileType = folder.assetcatalog; path = Assets.xcassets; sourceTree = "<group>"; };
		92B4A7712022093E00276B3F /* CachedRequest+CoreDataClass.swift */ = {isa = PBXFileReference; fileEncoding = 4; lastKnownFileType = sourcecode.swift; path = "CachedRequest+CoreDataClass.swift"; sourceTree = "<group>"; };
		92B4A7722022093E00276B3F /* CachedRequest+CoreDataProperties.swift */ = {isa = PBXFileReference; fileEncoding = 4; lastKnownFileType = sourcecode.swift; path = "CachedRequest+CoreDataProperties.swift"; sourceTree = "<group>"; };
		92B4A7742022093E00276B3F /* BackendlessSyncRequest+CoreDataClass.swift */ = {isa = PBXFileReference; fileEncoding = 4; lastKnownFileType = sourcecode.swift; path = "BackendlessSyncRequest+CoreDataClass.swift"; sourceTree = "<group>"; };
		92B4A7752022093E00276B3F /* BackendlessSyncRequest+CoreDataProperties.swift */ = {isa = PBXFileReference; fileEncoding = 4; lastKnownFileType = sourcecode.swift; path = "BackendlessSyncRequest+CoreDataProperties.swift"; sourceTree = "<group>"; };
		92B4A7772022093E00276B3F /* Department+CoreDataClass.swift */ = {isa = PBXFileReference; fileEncoding = 4; lastKnownFileType = sourcecode.swift; path = "Department+CoreDataClass.swift"; sourceTree = "<group>"; };
		92B4A7782022093E00276B3F /* Department+CoreDataProperties.swift */ = {isa = PBXFileReference; fileEncoding = 4; lastKnownFileType = sourcecode.swift; path = "Department+CoreDataProperties.swift"; sourceTree = "<group>"; };
		92B4A77A2022093E00276B3F /* Employee+CoreDataProperties.swift */ = {isa = PBXFileReference; fileEncoding = 4; lastKnownFileType = sourcecode.swift; path = "Employee+CoreDataProperties.swift"; sourceTree = "<group>"; };
		92B4A77B2022093E00276B3F /* Employee+CoreDataClass.swift */ = {isa = PBXFileReference; fileEncoding = 4; lastKnownFileType = sourcecode.swift; path = "Employee+CoreDataClass.swift"; sourceTree = "<group>"; };
		92B4A77D2022093E00276B3F /* Identifiable.swift */ = {isa = PBXFileReference; fileEncoding = 4; lastKnownFileType = sourcecode.swift; path = Identifiable.swift; sourceTree = "<group>"; };
		92B4A77F2022093E00276B3F /* Base */ = {isa = PBXFileReference; lastKnownFileType = file.storyboard; name = Base; path = Base.lproj/LaunchScreen.storyboard; sourceTree = "<group>"; };
		92B4A7812022093E00276B3F /* Base */ = {isa = PBXFileReference; lastKnownFileType = file.storyboard; name = Base; path = Base.lproj/Main.storyboard; sourceTree = "<group>"; };
		92B4A7832022093E00276B3F /* Company 2.xcdatamodel */ = {isa = PBXFileReference; lastKnownFileType = wrapper.xcdatamodel; path = "Company 2.xcdatamodel"; sourceTree = "<group>"; };
		92B4A7842022093E00276B3F /* Company.xcdatamodel */ = {isa = PBXFileReference; lastKnownFileType = wrapper.xcdatamodel; path = Company.xcdatamodel; sourceTree = "<group>"; };
		92B4A7862022093E00276B3F /* UITableViewExtensions.swift */ = {isa = PBXFileReference; fileEncoding = 4; lastKnownFileType = sourcecode.swift; path = UITableViewExtensions.swift; sourceTree = "<group>"; };
		92B4A7872022093E00276B3F /* AppDelegate.swift */ = {isa = PBXFileReference; fileEncoding = 4; lastKnownFileType = sourcecode.swift; path = AppDelegate.swift; sourceTree = "<group>"; };
		92B4A7882022093E00276B3F /* EditEmployeeController.swift */ = {isa = PBXFileReference; fileEncoding = 4; lastKnownFileType = sourcecode.swift; path = EditEmployeeController.swift; sourceTree = "<group>"; };
		92B4A7892022093E00276B3F /* Info.plist */ = {isa = PBXFileReference; fileEncoding = 4; lastKnownFileType = text.plist.xml; path = Info.plist; sourceTree = "<group>"; };
		92B4A7B8202209FF00276B3F /* FirebaseSyncRequest+CoreDataClass.swift */ = {isa = PBXFileReference; lastKnownFileType = sourcecode.swift; path = "FirebaseSyncRequest+CoreDataClass.swift"; sourceTree = "<group>"; };
		92B4A7B9202209FF00276B3F /* FirebaseSyncRequest+CoreDataProperties.swift */ = {isa = PBXFileReference; lastKnownFileType = sourcecode.swift; path = "FirebaseSyncRequest+CoreDataProperties.swift"; sourceTree = "<group>"; };
		92F3E94E2029CBF800C78DE9 /* Playground.playground */ = {isa = PBXFileReference; lastKnownFileType = file.playground; path = Playground.playground; sourceTree = "<group>"; xcLanguageSpecificationIdentifier = xcode.lang.swift; };
		9922C9E5E406772BF51E32E3 /* Pods-CoreDataNetworkLayerUITests.debug.xcconfig */ = {isa = PBXFileReference; includeInIndex = 1; lastKnownFileType = text.xcconfig; name = "Pods-CoreDataNetworkLayerUITests.debug.xcconfig"; path = "Pods/Target Support Files/Pods-CoreDataNetworkLayerUITests/Pods-CoreDataNetworkLayerUITests.debug.xcconfig"; sourceTree = "<group>"; };
		B2165B236AF1D196724AE665 /* Pods_CoreDataNetworkLayerTests.framework */ = {isa = PBXFileReference; explicitFileType = wrapper.framework; includeInIndex = 0; path = Pods_CoreDataNetworkLayerTests.framework; sourceTree = BUILT_PRODUCTS_DIR; };
		CC2119DC90FD9FF21AB39D2D /* Pods-CoreDataNetworkLayer.release.xcconfig */ = {isa = PBXFileReference; includeInIndex = 1; lastKnownFileType = text.xcconfig; name = "Pods-CoreDataNetworkLayer.release.xcconfig"; path = "Pods/Target Support Files/Pods-CoreDataNetworkLayer/Pods-CoreDataNetworkLayer.release.xcconfig"; sourceTree = "<group>"; };
		E7EC662E09DE86EE4C160C82 /* Pods-CoreDataNetworkLayer.debug.xcconfig */ = {isa = PBXFileReference; includeInIndex = 1; lastKnownFileType = text.xcconfig; name = "Pods-CoreDataNetworkLayer.debug.xcconfig"; path = "Pods/Target Support Files/Pods-CoreDataNetworkLayer/Pods-CoreDataNetworkLayer.debug.xcconfig"; sourceTree = "<group>"; };
		FF02DB389CA067FD0888B7F2 /* Pods-CoreDataNetworkLayerTests.release.xcconfig */ = {isa = PBXFileReference; includeInIndex = 1; lastKnownFileType = text.xcconfig; name = "Pods-CoreDataNetworkLayerTests.release.xcconfig"; path = "Pods/Target Support Files/Pods-CoreDataNetworkLayerTests/Pods-CoreDataNetworkLayerTests.release.xcconfig"; sourceTree = "<group>"; };
/* End PBXFileReference section */

/* Begin PBXFrameworksBuildPhase section */
		929E073B200CAC5B004F8BA1 /* Frameworks */ = {
			isa = PBXFrameworksBuildPhase;
			buildActionMask = 2147483647;
			files = (
				52795A851E06309882272307 /* Pods_CoreDataNetworkLayer.framework in Frameworks */,
			);
			runOnlyForDeploymentPostprocessing = 0;
		};
		929E074F200CAC5C004F8BA1 /* Frameworks */ = {
			isa = PBXFrameworksBuildPhase;
			buildActionMask = 2147483647;
			files = (
				AF9BA42442ADBD5E81E41040 /* Pods_CoreDataNetworkLayerTests.framework in Frameworks */,
			);
			runOnlyForDeploymentPostprocessing = 0;
		};
		929E075A200CAC5C004F8BA1 /* Frameworks */ = {
			isa = PBXFrameworksBuildPhase;
			buildActionMask = 2147483647;
			files = (
				F3D278D03F9E553867CDB016 /* Pods_CoreDataNetworkLayerUITests.framework in Frameworks */,
			);
			runOnlyForDeploymentPostprocessing = 0;
		};
/* End PBXFrameworksBuildPhase section */

/* Begin PBXGroup section */
		07FEF5C4BC4B381F8B054A72 /* Frameworks */ = {
			isa = PBXGroup;
			children = (
				2D84CC30091B58AA78E22867 /* Pods_CoreDataNetworkLayer.framework */,
				B2165B236AF1D196724AE665 /* Pods_CoreDataNetworkLayerTests.framework */,
				5B91A9337701688CD139EC25 /* Pods_CoreDataNetworkLayerUITests.framework */,
			);
			name = Frameworks;
			sourceTree = "<group>";
		};
		929E0735200CAC5B004F8BA1 = {
			isa = PBXGroup;
			children = (
				92F3E94E2029CBF800C78DE9 /* Playground.playground */,
				92B4A74F2022093E00276B3F /* CoreDataNetworkLayer */,
				929E0755200CAC5C004F8BA1 /* CoreDataNetworkLayerTests */,
				929E073F200CAC5B004F8BA1 /* Products */,
				AF006D29D29436C3868E76D1 /* Pods */,
				07FEF5C4BC4B381F8B054A72 /* Frameworks */,
			);
			sourceTree = "<group>";
		};
		929E073F200CAC5B004F8BA1 /* Products */ = {
			isa = PBXGroup;
			children = (
				929E073E200CAC5B004F8BA1 /* CoreDataNetworkLayer.app */,
				929E0752200CAC5C004F8BA1 /* CoreDataNetworkLayerTests.xctest */,
				929E075D200CAC5C004F8BA1 /* CoreDataNetworkLayerUITests.xctest */,
			);
			name = Products;
			sourceTree = "<group>";
		};
		929E0755200CAC5C004F8BA1 /* CoreDataNetworkLayerTests */ = {
			isa = PBXGroup;
			children = (
				929E0756200CAC5C004F8BA1 /* CoreDataNetworkLayerTests.swift */,
				929E0758200CAC5C004F8BA1 /* Info.plist */,
			);
			path = CoreDataNetworkLayerTests;
			sourceTree = "<group>";
		};
		92B4A74F2022093E00276B3F /* CoreDataNetworkLayer */ = {
			isa = PBXGroup;
			children = (
				92B4A7502022093E00276B3F /* BridgingHeader.h */,
				92B4A7512022093E00276B3F /* Constants.swift */,
				92B4A7522022093E00276B3F /* DepartmentsViewController.swift */,
				92B4A7532022093E00276B3F /* EditDepartmentController.swift */,
				92B4A7542022093E00276B3F /* TableViewDataSource.swift */,
				92B4A7552022093E00276B3F /* CoreDataNetworkLayer */,
				92B4A76B2022093E00276B3F /* Caching.xcdatamodeld */,
				92B4A76D2022093E00276B3F /* EmployeesViewController.swift */,
				92B4A76E2022093E00276B3F /* Assets.xcassets */,
				92B4A76F2022093E00276B3F /* CoreData Models */,
				92B4A77C2022093E00276B3F /* Protocol */,
				92B4A77E2022093E00276B3F /* LaunchScreen.storyboard */,
				92B4A7802022093E00276B3F /* Main.storyboard */,
				92B4A7822022093E00276B3F /* Company.xcdatamodeld */,
				92B4A7852022093E00276B3F /* Extensions */,
				92B4A7872022093E00276B3F /* AppDelegate.swift */,
				92B4A7882022093E00276B3F /* EditEmployeeController.swift */,
				92B4A7892022093E00276B3F /* Info.plist */,
			);
			path = CoreDataNetworkLayer;
			sourceTree = "<group>";
		};
		92B4A7552022093E00276B3F /* CoreDataNetworkLayer */ = {
			isa = PBXGroup;
			children = (
				92B4A7562022093E00276B3F /* SyncManager.swift */,
				92B4A7572022093E00276B3F /* Executable.swift */,
				92B4A7582022093E00276B3F /* DepartmentSyncManager.swift */,
				92B4A7592022093E00276B3F /* PersistentModel.swift */,
				92B4A75A2022093E00276B3F /* Network */,
				92B4A7662022093E00276B3F /* CoreData */,
				92B4A7692022093E00276B3F /* RequestCacheManager.swift */,
			);
			path = CoreDataNetworkLayer;
			sourceTree = "<group>";
		};
		92B4A75A2022093E00276B3F /* Network */ = {
			isa = PBXGroup;
			children = (
				92B4A75B2022093E00276B3F /* EmployeeProcessors.swift */,
				92B4A75C2022093E00276B3F /* RequestOperation.swift */,
				92B4A75D2022093E00276B3F /* Environment.swift */,
				92B4A75E2022093E00276B3F /* FirebaseRequest.swift */,
				92B4A75F2022093E00276B3F /* BackendlessManager.swift */,
				92B4A7602022093E00276B3F /* ChangeProcessor.swift */,
				92B4A7622022093E00276B3F /* Request.swift */,
				92B4A7612022093E00276B3F /* SessionOperation.swift */,
				92B4A7632022093E00276B3F /* SessionManager.swift */,
				92B4A7642022093E00276B3F /* DepartmentProcessors.swift */,
				92B4A7652022093E00276B3F /* BackendlessRequest.swift */,
				9245961620235B9700C4F591 /* FirebaseListData.swift */,
				9212C7902028430400B23B09 /* OperationExtension.swift */,
			);
			path = Network;
			sourceTree = "<group>";
		};
		92B4A7662022093E00276B3F /* CoreData */ = {
			isa = PBXGroup;
			children = (
				92B4A7672022093E00276B3F /* CoreDataStack.swift */,
				92B4A7682022093E00276B3F /* Managed.swift */,
			);
			path = CoreData;
			sourceTree = "<group>";
		};
		92B4A76F2022093E00276B3F /* CoreData Models */ = {
			isa = PBXGroup;
			children = (
				92B4A7BC20220A0700276B3F /* FirebaseSyncRequest */,
				92B4A7702022093E00276B3F /* CachedRequest */,
				92B4A7732022093E00276B3F /* BackendlessSyncRequest */,
				92B4A7762022093E00276B3F /* Department */,
				92B4A7792022093E00276B3F /* Employee */,
			);
			path = "CoreData Models";
			sourceTree = "<group>";
		};
		92B4A7702022093E00276B3F /* CachedRequest */ = {
			isa = PBXGroup;
			children = (
				92B4A7712022093E00276B3F /* CachedRequest+CoreDataClass.swift */,
				92B4A7722022093E00276B3F /* CachedRequest+CoreDataProperties.swift */,
			);
			path = CachedRequest;
			sourceTree = "<group>";
		};
		92B4A7732022093E00276B3F /* BackendlessSyncRequest */ = {
			isa = PBXGroup;
			children = (
				92B4A7742022093E00276B3F /* BackendlessSyncRequest+CoreDataClass.swift */,
				92B4A7752022093E00276B3F /* BackendlessSyncRequest+CoreDataProperties.swift */,
			);
			path = BackendlessSyncRequest;
			sourceTree = "<group>";
		};
		92B4A7762022093E00276B3F /* Department */ = {
			isa = PBXGroup;
			children = (
				92B4A7772022093E00276B3F /* Department+CoreDataClass.swift */,
				92B4A7782022093E00276B3F /* Department+CoreDataProperties.swift */,
			);
			path = Department;
			sourceTree = "<group>";
		};
		92B4A7792022093E00276B3F /* Employee */ = {
			isa = PBXGroup;
			children = (
				92B4A77A2022093E00276B3F /* Employee+CoreDataProperties.swift */,
				92B4A77B2022093E00276B3F /* Employee+CoreDataClass.swift */,
			);
			path = Employee;
			sourceTree = "<group>";
		};
		92B4A77C2022093E00276B3F /* Protocol */ = {
			isa = PBXGroup;
			children = (
				92B4A77D2022093E00276B3F /* Identifiable.swift */,
			);
			path = Protocol;
			sourceTree = "<group>";
		};
		92B4A7852022093E00276B3F /* Extensions */ = {
			isa = PBXGroup;
			children = (
				92B4A7862022093E00276B3F /* UITableViewExtensions.swift */,
			);
			path = Extensions;
			sourceTree = "<group>";
		};
		92B4A7BC20220A0700276B3F /* FirebaseSyncRequest */ = {
			isa = PBXGroup;
			children = (
				92B4A7B8202209FF00276B3F /* FirebaseSyncRequest+CoreDataClass.swift */,
				92B4A7B9202209FF00276B3F /* FirebaseSyncRequest+CoreDataProperties.swift */,
			);
			path = FirebaseSyncRequest;
			sourceTree = "<group>";
		};
		AF006D29D29436C3868E76D1 /* Pods */ = {
			isa = PBXGroup;
			children = (
				E7EC662E09DE86EE4C160C82 /* Pods-CoreDataNetworkLayer.debug.xcconfig */,
				CC2119DC90FD9FF21AB39D2D /* Pods-CoreDataNetworkLayer.release.xcconfig */,
				2D81067AFEC1A14768BDCA57 /* Pods-CoreDataNetworkLayerTests.debug.xcconfig */,
				FF02DB389CA067FD0888B7F2 /* Pods-CoreDataNetworkLayerTests.release.xcconfig */,
				9922C9E5E406772BF51E32E3 /* Pods-CoreDataNetworkLayerUITests.debug.xcconfig */,
				8C08E25EA287EA8D4F3AEDE9 /* Pods-CoreDataNetworkLayerUITests.release.xcconfig */,
			);
			name = Pods;
			sourceTree = "<group>";
		};
/* End PBXGroup section */

/* Begin PBXNativeTarget section */
		929E073D200CAC5B004F8BA1 /* CoreDataNetworkLayer */ = {
			isa = PBXNativeTarget;
			buildConfigurationList = 929E0766200CAC5C004F8BA1 /* Build configuration list for PBXNativeTarget "CoreDataNetworkLayer" */;
			buildPhases = (
				74F4221A3847AF15EF372999 /* [CP] Check Pods Manifest.lock */,
				929E073A200CAC5B004F8BA1 /* Sources */,
				929E073B200CAC5B004F8BA1 /* Frameworks */,
				929E073C200CAC5B004F8BA1 /* Resources */,
				D73E532BF693DB0A813EBF45 /* [CP] Embed Pods Frameworks */,
				C9A45EBD269D528292199951 /* [CP] Copy Pods Resources */,
			);
			buildRules = (
			);
			dependencies = (
			);
			name = CoreDataNetworkLayer;
			productName = CoreDataNetworkLayer;
			productReference = 929E073E200CAC5B004F8BA1 /* CoreDataNetworkLayer.app */;
			productType = "com.apple.product-type.application";
		};
		929E0751200CAC5C004F8BA1 /* CoreDataNetworkLayerTests */ = {
			isa = PBXNativeTarget;
			buildConfigurationList = 929E0769200CAC5C004F8BA1 /* Build configuration list for PBXNativeTarget "CoreDataNetworkLayerTests" */;
			buildPhases = (
				C10141799615809811AB22AA /* [CP] Check Pods Manifest.lock */,
				929E074E200CAC5C004F8BA1 /* Sources */,
				929E074F200CAC5C004F8BA1 /* Frameworks */,
				929E0750200CAC5C004F8BA1 /* Resources */,
				39D0C77221242353C84F06A2 /* [CP] Embed Pods Frameworks */,
				E07648992A8613DC156D8175 /* [CP] Copy Pods Resources */,
			);
			buildRules = (
			);
			dependencies = (
				929E0754200CAC5C004F8BA1 /* PBXTargetDependency */,
			);
			name = CoreDataNetworkLayerTests;
			productName = CoreDataNetworkLayerTests;
			productReference = 929E0752200CAC5C004F8BA1 /* CoreDataNetworkLayerTests.xctest */;
			productType = "com.apple.product-type.bundle.unit-test";
		};
		929E075C200CAC5C004F8BA1 /* CoreDataNetworkLayerUITests */ = {
			isa = PBXNativeTarget;
			buildConfigurationList = 929E076C200CAC5C004F8BA1 /* Build configuration list for PBXNativeTarget "CoreDataNetworkLayerUITests" */;
			buildPhases = (
				B7CC913CE6867A336C0EE67F /* [CP] Check Pods Manifest.lock */,
				929E0759200CAC5C004F8BA1 /* Sources */,
				929E075A200CAC5C004F8BA1 /* Frameworks */,
				929E075B200CAC5C004F8BA1 /* Resources */,
				FF0D2C3DB1BCF6483C5E2424 /* [CP] Embed Pods Frameworks */,
				98B7366F093CC0EC3E97FDF0 /* [CP] Copy Pods Resources */,
			);
			buildRules = (
			);
			dependencies = (
				929E075F200CAC5C004F8BA1 /* PBXTargetDependency */,
			);
			name = CoreDataNetworkLayerUITests;
			productName = CoreDataNetworkLayerUITests;
			productReference = 929E075D200CAC5C004F8BA1 /* CoreDataNetworkLayerUITests.xctest */;
			productType = "com.apple.product-type.bundle.ui-testing";
		};
/* End PBXNativeTarget section */

/* Begin PBXProject section */
		929E0736200CAC5B004F8BA1 /* Project object */ = {
			isa = PBXProject;
			attributes = {
				LastSwiftUpdateCheck = 0920;
				LastUpgradeCheck = 0920;
				ORGANIZATIONNAME = " Ivan Hahanov";
				TargetAttributes = {
					929E073D200CAC5B004F8BA1 = {
						CreatedOnToolsVersion = 9.2;
						ProvisioningStyle = Automatic;
					};
					929E0751200CAC5C004F8BA1 = {
						CreatedOnToolsVersion = 9.2;
						ProvisioningStyle = Automatic;
						TestTargetID = 929E073D200CAC5B004F8BA1;
					};
					929E075C200CAC5C004F8BA1 = {
						CreatedOnToolsVersion = 9.2;
						ProvisioningStyle = Automatic;
						TestTargetID = 929E073D200CAC5B004F8BA1;
					};
				};
			};
			buildConfigurationList = 929E0739200CAC5B004F8BA1 /* Build configuration list for PBXProject "CoreDataNetworkLayer" */;
			compatibilityVersion = "Xcode 8.0";
			developmentRegion = en;
			hasScannedForEncodings = 0;
			knownRegions = (
				en,
				Base,
			);
			mainGroup = 929E0735200CAC5B004F8BA1;
			productRefGroup = 929E073F200CAC5B004F8BA1 /* Products */;
			projectDirPath = "";
			projectRoot = "";
			targets = (
				929E073D200CAC5B004F8BA1 /* CoreDataNetworkLayer */,
				929E0751200CAC5C004F8BA1 /* CoreDataNetworkLayerTests */,
				929E075C200CAC5C004F8BA1 /* CoreDataNetworkLayerUITests */,
			);
		};
/* End PBXProject section */

/* Begin PBXResourcesBuildPhase section */
		929E073C200CAC5B004F8BA1 /* Resources */ = {
			isa = PBXResourcesBuildPhase;
			buildActionMask = 2147483647;
			files = (
				92B4A7B22022093F00276B3F /* Main.storyboard in Resources */,
				92B4A7B72022093F00276B3F /* Info.plist in Resources */,
				92B4A7B12022093F00276B3F /* LaunchScreen.storyboard in Resources */,
				92B4A7A72022093F00276B3F /* Assets.xcassets in Resources */,
			);
			runOnlyForDeploymentPostprocessing = 0;
		};
		929E0750200CAC5C004F8BA1 /* Resources */ = {
			isa = PBXResourcesBuildPhase;
			buildActionMask = 2147483647;
			files = (
			);
			runOnlyForDeploymentPostprocessing = 0;
		};
		929E075B200CAC5C004F8BA1 /* Resources */ = {
			isa = PBXResourcesBuildPhase;
			buildActionMask = 2147483647;
			files = (
			);
			runOnlyForDeploymentPostprocessing = 0;
		};
/* End PBXResourcesBuildPhase section */

/* Begin PBXShellScriptBuildPhase section */
		39D0C77221242353C84F06A2 /* [CP] Embed Pods Frameworks */ = {
			isa = PBXShellScriptBuildPhase;
			buildActionMask = 2147483647;
			files = (
			);
			inputPaths = (
			);
			name = "[CP] Embed Pods Frameworks";
			outputPaths = (
			);
			runOnlyForDeploymentPostprocessing = 0;
			shellPath = /bin/sh;
			shellScript = "\"${SRCROOT}/Pods/Target Support Files/Pods-CoreDataNetworkLayerTests/Pods-CoreDataNetworkLayerTests-frameworks.sh\"\n";
			showEnvVarsInLog = 0;
		};
		74F4221A3847AF15EF372999 /* [CP] Check Pods Manifest.lock */ = {
			isa = PBXShellScriptBuildPhase;
			buildActionMask = 2147483647;
			files = (
			);
			inputPaths = (
				"${PODS_PODFILE_DIR_PATH}/Podfile.lock",
				"${PODS_ROOT}/Manifest.lock",
			);
			name = "[CP] Check Pods Manifest.lock";
			outputPaths = (
				"$(DERIVED_FILE_DIR)/Pods-CoreDataNetworkLayer-checkManifestLockResult.txt",
			);
			runOnlyForDeploymentPostprocessing = 0;
			shellPath = /bin/sh;
			shellScript = "diff \"${PODS_PODFILE_DIR_PATH}/Podfile.lock\" \"${PODS_ROOT}/Manifest.lock\" > /dev/null\nif [ $? != 0 ] ; then\n    # print error to STDERR\n    echo \"error: The sandbox is not in sync with the Podfile.lock. Run 'pod install' or update your CocoaPods installation.\" >&2\n    exit 1\nfi\n# This output is used by Xcode 'outputs' to avoid re-running this script phase.\necho \"SUCCESS\" > \"${SCRIPT_OUTPUT_FILE_0}\"\n";
			showEnvVarsInLog = 0;
		};
		98B7366F093CC0EC3E97FDF0 /* [CP] Copy Pods Resources */ = {
			isa = PBXShellScriptBuildPhase;
			buildActionMask = 2147483647;
			files = (
			);
			inputPaths = (
			);
			name = "[CP] Copy Pods Resources";
			outputPaths = (
			);
			runOnlyForDeploymentPostprocessing = 0;
			shellPath = /bin/sh;
			shellScript = "\"${SRCROOT}/Pods/Target Support Files/Pods-CoreDataNetworkLayerUITests/Pods-CoreDataNetworkLayerUITests-resources.sh\"\n";
			showEnvVarsInLog = 0;
		};
		B7CC913CE6867A336C0EE67F /* [CP] Check Pods Manifest.lock */ = {
			isa = PBXShellScriptBuildPhase;
			buildActionMask = 2147483647;
			files = (
			);
			inputPaths = (
				"${PODS_PODFILE_DIR_PATH}/Podfile.lock",
				"${PODS_ROOT}/Manifest.lock",
			);
			name = "[CP] Check Pods Manifest.lock";
			outputPaths = (
				"$(DERIVED_FILE_DIR)/Pods-CoreDataNetworkLayerUITests-checkManifestLockResult.txt",
			);
			runOnlyForDeploymentPostprocessing = 0;
			shellPath = /bin/sh;
			shellScript = "diff \"${PODS_PODFILE_DIR_PATH}/Podfile.lock\" \"${PODS_ROOT}/Manifest.lock\" > /dev/null\nif [ $? != 0 ] ; then\n    # print error to STDERR\n    echo \"error: The sandbox is not in sync with the Podfile.lock. Run 'pod install' or update your CocoaPods installation.\" >&2\n    exit 1\nfi\n# This output is used by Xcode 'outputs' to avoid re-running this script phase.\necho \"SUCCESS\" > \"${SCRIPT_OUTPUT_FILE_0}\"\n";
			showEnvVarsInLog = 0;
		};
		C10141799615809811AB22AA /* [CP] Check Pods Manifest.lock */ = {
			isa = PBXShellScriptBuildPhase;
			buildActionMask = 2147483647;
			files = (
			);
			inputPaths = (
				"${PODS_PODFILE_DIR_PATH}/Podfile.lock",
				"${PODS_ROOT}/Manifest.lock",
			);
			name = "[CP] Check Pods Manifest.lock";
			outputPaths = (
				"$(DERIVED_FILE_DIR)/Pods-CoreDataNetworkLayerTests-checkManifestLockResult.txt",
			);
			runOnlyForDeploymentPostprocessing = 0;
			shellPath = /bin/sh;
			shellScript = "diff \"${PODS_PODFILE_DIR_PATH}/Podfile.lock\" \"${PODS_ROOT}/Manifest.lock\" > /dev/null\nif [ $? != 0 ] ; then\n    # print error to STDERR\n    echo \"error: The sandbox is not in sync with the Podfile.lock. Run 'pod install' or update your CocoaPods installation.\" >&2\n    exit 1\nfi\n# This output is used by Xcode 'outputs' to avoid re-running this script phase.\necho \"SUCCESS\" > \"${SCRIPT_OUTPUT_FILE_0}\"\n";
			showEnvVarsInLog = 0;
		};
		C9A45EBD269D528292199951 /* [CP] Copy Pods Resources */ = {
			isa = PBXShellScriptBuildPhase;
			buildActionMask = 2147483647;
			files = (
			);
			inputPaths = (
			);
			name = "[CP] Copy Pods Resources";
			outputPaths = (
			);
			runOnlyForDeploymentPostprocessing = 0;
			shellPath = /bin/sh;
			shellScript = "\"${SRCROOT}/Pods/Target Support Files/Pods-CoreDataNetworkLayer/Pods-CoreDataNetworkLayer-resources.sh\"\n";
			showEnvVarsInLog = 0;
		};
		D73E532BF693DB0A813EBF45 /* [CP] Embed Pods Frameworks */ = {
			isa = PBXShellScriptBuildPhase;
			buildActionMask = 2147483647;
			files = (
			);
			inputPaths = (
				"${SRCROOT}/Pods/Target Support Files/Pods-CoreDataNetworkLayer/Pods-CoreDataNetworkLayer-frameworks.sh",
				"${BUILT_PRODUCTS_DIR}/Promises/Promise.framework",
			);
			name = "[CP] Embed Pods Frameworks";
			outputPaths = (
				"${TARGET_BUILD_DIR}/${FRAMEWORKS_FOLDER_PATH}/Promise.framework",
			);
			runOnlyForDeploymentPostprocessing = 0;
			shellPath = /bin/sh;
			shellScript = "\"${SRCROOT}/Pods/Target Support Files/Pods-CoreDataNetworkLayer/Pods-CoreDataNetworkLayer-frameworks.sh\"\n";
			showEnvVarsInLog = 0;
		};
		E07648992A8613DC156D8175 /* [CP] Copy Pods Resources */ = {
			isa = PBXShellScriptBuildPhase;
			buildActionMask = 2147483647;
			files = (
			);
			inputPaths = (
			);
			name = "[CP] Copy Pods Resources";
			outputPaths = (
			);
			runOnlyForDeploymentPostprocessing = 0;
			shellPath = /bin/sh;
			shellScript = "\"${SRCROOT}/Pods/Target Support Files/Pods-CoreDataNetworkLayerTests/Pods-CoreDataNetworkLayerTests-resources.sh\"\n";
			showEnvVarsInLog = 0;
		};
		FF0D2C3DB1BCF6483C5E2424 /* [CP] Embed Pods Frameworks */ = {
			isa = PBXShellScriptBuildPhase;
			buildActionMask = 2147483647;
			files = (
			);
			inputPaths = (
			);
			name = "[CP] Embed Pods Frameworks";
			outputPaths = (
			);
			runOnlyForDeploymentPostprocessing = 0;
			shellPath = /bin/sh;
			shellScript = "\"${SRCROOT}/Pods/Target Support Files/Pods-CoreDataNetworkLayerUITests/Pods-CoreDataNetworkLayerUITests-frameworks.sh\"\n";
			showEnvVarsInLog = 0;
		};
/* End PBXShellScriptBuildPhase section */

/* Begin PBXSourcesBuildPhase section */
		929E073A200CAC5B004F8BA1 /* Sources */ = {
			isa = PBXSourcesBuildPhase;
			buildActionMask = 2147483647;
			files = (
				92B4A7912022093F00276B3F /* TableViewDataSource.swift in Sources */,
				92B4A78F2022093F00276B3F /* DepartmentsViewController.swift in Sources */,
				92B4A7A92022093F00276B3F /* CachedRequest+CoreDataProperties.swift in Sources */,
				92B4A7962022093F00276B3F /* EmployeeProcessors.swift in Sources */,
				92B4A79E2022093F00276B3F /* SessionManager.swift in Sources */,
				92B4A7B42022093F00276B3F /* UITableViewExtensions.swift in Sources */,
				92B4A7BA202209FF00276B3F /* FirebaseSyncRequest+CoreDataClass.swift in Sources */,
				9212C7912028430400B23B09 /* OperationExtension.swift in Sources */,
				92B4A7A32022093F00276B3F /* RequestCacheManager.swift in Sources */,
				9245961720235B9700C4F591 /* FirebaseListData.swift in Sources */,
				92B4A7972022093F00276B3F /* RequestOperation.swift in Sources */,
				92B4A7922022093F00276B3F /* SyncManager.swift in Sources */,
				92B4A7A52022093F00276B3F /* Caching.xcdatamodeld in Sources */,
				92B4A7A22022093F00276B3F /* Managed.swift in Sources */,
				92B4A79B2022093F00276B3F /* ChangeProcessor.swift in Sources */,
				92B4A79F2022093F00276B3F /* DepartmentProcessors.swift in Sources */,
				92B4A7B02022093F00276B3F /* Identifiable.swift in Sources */,
				92B4A79D2022093F00276B3F /* Request.swift in Sources */,
				92B4A7AA2022093F00276B3F /* BackendlessSyncRequest+CoreDataClass.swift in Sources */,
				92B4A79C2022093F00276B3F /* SessionOperation.swift in Sources */,
				92B4A79A2022093F00276B3F /* BackendlessManager.swift in Sources */,
				92B4A7AE2022093F00276B3F /* Employee+CoreDataProperties.swift in Sources */,
				92B4A7AC2022093F00276B3F /* Department+CoreDataClass.swift in Sources */,
				92B4A7B52022093F00276B3F /* AppDelegate.swift in Sources */,
				92B4A7A82022093F00276B3F /* CachedRequest+CoreDataClass.swift in Sources */,
				92B4A7AD2022093F00276B3F /* Department+CoreDataProperties.swift in Sources */,
				92B4A7B32022093F00276B3F /* Company.xcdatamodeld in Sources */,
				92B4A7BB202209FF00276B3F /* FirebaseSyncRequest+CoreDataProperties.swift in Sources */,
				92B4A7952022093F00276B3F /* PersistentModel.swift in Sources */,
				92B4A7A62022093F00276B3F /* EmployeesViewController.swift in Sources */,
				92B4A7982022093F00276B3F /* Environment.swift in Sources */,
				92B4A7A02022093F00276B3F /* BackendlessRequest.swift in Sources */,
				92B4A7932022093F00276B3F /* Executable.swift in Sources */,
				92B4A7A12022093F00276B3F /* CoreDataStack.swift in Sources */,
				92B4A7B62022093F00276B3F /* EditEmployeeController.swift in Sources */,
				92B4A7942022093F00276B3F /* DepartmentSyncManager.swift in Sources */,
				92B4A78E2022093F00276B3F /* Constants.swift in Sources */,
				92B4A7992022093F00276B3F /* FirebaseRequest.swift in Sources */,
				92B4A7AB2022093F00276B3F /* BackendlessSyncRequest+CoreDataProperties.swift in Sources */,
				92B4A7AF2022093F00276B3F /* Employee+CoreDataClass.swift in Sources */,
				92B4A7902022093F00276B3F /* EditDepartmentController.swift in Sources */,
			);
			runOnlyForDeploymentPostprocessing = 0;
		};
		929E074E200CAC5C004F8BA1 /* Sources */ = {
			isa = PBXSourcesBuildPhase;
			buildActionMask = 2147483647;
			files = (
				929E0757200CAC5C004F8BA1 /* CoreDataNetworkLayerTests.swift in Sources */,
			);
			runOnlyForDeploymentPostprocessing = 0;
		};
		929E0759200CAC5C004F8BA1 /* Sources */ = {
			isa = PBXSourcesBuildPhase;
			buildActionMask = 2147483647;
			files = (
			);
			runOnlyForDeploymentPostprocessing = 0;
		};
/* End PBXSourcesBuildPhase section */

/* Begin PBXTargetDependency section */
		929E0754200CAC5C004F8BA1 /* PBXTargetDependency */ = {
			isa = PBXTargetDependency;
			target = 929E073D200CAC5B004F8BA1 /* CoreDataNetworkLayer */;
			targetProxy = 929E0753200CAC5C004F8BA1 /* PBXContainerItemProxy */;
		};
		929E075F200CAC5C004F8BA1 /* PBXTargetDependency */ = {
			isa = PBXTargetDependency;
			target = 929E073D200CAC5B004F8BA1 /* CoreDataNetworkLayer */;
			targetProxy = 929E075E200CAC5C004F8BA1 /* PBXContainerItemProxy */;
		};
/* End PBXTargetDependency section */

/* Begin PBXVariantGroup section */
		92B4A77E2022093E00276B3F /* LaunchScreen.storyboard */ = {
			isa = PBXVariantGroup;
			children = (
				92B4A77F2022093E00276B3F /* Base */,
			);
			name = LaunchScreen.storyboard;
			sourceTree = "<group>";
		};
		92B4A7802022093E00276B3F /* Main.storyboard */ = {
			isa = PBXVariantGroup;
			children = (
				92B4A7812022093E00276B3F /* Base */,
			);
			name = Main.storyboard;
			sourceTree = "<group>";
		};
/* End PBXVariantGroup section */

/* Begin XCBuildConfiguration section */
		929E0764200CAC5C004F8BA1 /* Debug */ = {
			isa = XCBuildConfiguration;
			buildSettings = {
				ALWAYS_SEARCH_USER_PATHS = NO;
				CLANG_ANALYZER_NONNULL = YES;
				CLANG_ANALYZER_NUMBER_OBJECT_CONVERSION = YES_AGGRESSIVE;
				CLANG_CXX_LANGUAGE_STANDARD = "gnu++14";
				CLANG_CXX_LIBRARY = "libc++";
				CLANG_ENABLE_MODULES = YES;
				CLANG_ENABLE_OBJC_ARC = YES;
				CLANG_WARN_BLOCK_CAPTURE_AUTORELEASING = YES;
				CLANG_WARN_BOOL_CONVERSION = YES;
				CLANG_WARN_COMMA = YES;
				CLANG_WARN_CONSTANT_CONVERSION = YES;
				CLANG_WARN_DIRECT_OBJC_ISA_USAGE = YES_ERROR;
				CLANG_WARN_DOCUMENTATION_COMMENTS = YES;
				CLANG_WARN_EMPTY_BODY = YES;
				CLANG_WARN_ENUM_CONVERSION = YES;
				CLANG_WARN_INFINITE_RECURSION = YES;
				CLANG_WARN_INT_CONVERSION = YES;
				CLANG_WARN_NON_LITERAL_NULL_CONVERSION = YES;
				CLANG_WARN_OBJC_LITERAL_CONVERSION = YES;
				CLANG_WARN_OBJC_ROOT_CLASS = YES_ERROR;
				CLANG_WARN_RANGE_LOOP_ANALYSIS = YES;
				CLANG_WARN_STRICT_PROTOTYPES = YES;
				CLANG_WARN_SUSPICIOUS_MOVE = YES;
				CLANG_WARN_UNGUARDED_AVAILABILITY = YES_AGGRESSIVE;
				CLANG_WARN_UNREACHABLE_CODE = YES;
				CLANG_WARN__DUPLICATE_METHOD_MATCH = YES;
				CODE_SIGN_IDENTITY = "iPhone Developer";
				COPY_PHASE_STRIP = NO;
				DEBUG_INFORMATION_FORMAT = dwarf;
				ENABLE_STRICT_OBJC_MSGSEND = YES;
				ENABLE_TESTABILITY = YES;
				GCC_C_LANGUAGE_STANDARD = gnu11;
				GCC_DYNAMIC_NO_PIC = NO;
				GCC_NO_COMMON_BLOCKS = YES;
				GCC_OPTIMIZATION_LEVEL = 0;
				GCC_PREPROCESSOR_DEFINITIONS = (
					"DEBUG=1",
					"$(inherited)",
				);
				GCC_WARN_64_TO_32_BIT_CONVERSION = YES;
				GCC_WARN_ABOUT_RETURN_TYPE = YES_ERROR;
				GCC_WARN_UNDECLARED_SELECTOR = YES;
				GCC_WARN_UNINITIALIZED_AUTOS = YES_AGGRESSIVE;
				GCC_WARN_UNUSED_FUNCTION = YES;
				GCC_WARN_UNUSED_VARIABLE = YES;
				IPHONEOS_DEPLOYMENT_TARGET = 11.2;
				MTL_ENABLE_DEBUG_INFO = YES;
				ONLY_ACTIVE_ARCH = YES;
				SDKROOT = iphoneos;
				SWIFT_ACTIVE_COMPILATION_CONDITIONS = DEBUG;
				SWIFT_OPTIMIZATION_LEVEL = "-Onone";
			};
			name = Debug;
		};
		929E0765200CAC5C004F8BA1 /* Release */ = {
			isa = XCBuildConfiguration;
			buildSettings = {
				ALWAYS_SEARCH_USER_PATHS = NO;
				CLANG_ANALYZER_NONNULL = YES;
				CLANG_ANALYZER_NUMBER_OBJECT_CONVERSION = YES_AGGRESSIVE;
				CLANG_CXX_LANGUAGE_STANDARD = "gnu++14";
				CLANG_CXX_LIBRARY = "libc++";
				CLANG_ENABLE_MODULES = YES;
				CLANG_ENABLE_OBJC_ARC = YES;
				CLANG_WARN_BLOCK_CAPTURE_AUTORELEASING = YES;
				CLANG_WARN_BOOL_CONVERSION = YES;
				CLANG_WARN_COMMA = YES;
				CLANG_WARN_CONSTANT_CONVERSION = YES;
				CLANG_WARN_DIRECT_OBJC_ISA_USAGE = YES_ERROR;
				CLANG_WARN_DOCUMENTATION_COMMENTS = YES;
				CLANG_WARN_EMPTY_BODY = YES;
				CLANG_WARN_ENUM_CONVERSION = YES;
				CLANG_WARN_INFINITE_RECURSION = YES;
				CLANG_WARN_INT_CONVERSION = YES;
				CLANG_WARN_NON_LITERAL_NULL_CONVERSION = YES;
				CLANG_WARN_OBJC_LITERAL_CONVERSION = YES;
				CLANG_WARN_OBJC_ROOT_CLASS = YES_ERROR;
				CLANG_WARN_RANGE_LOOP_ANALYSIS = YES;
				CLANG_WARN_STRICT_PROTOTYPES = YES;
				CLANG_WARN_SUSPICIOUS_MOVE = YES;
				CLANG_WARN_UNGUARDED_AVAILABILITY = YES_AGGRESSIVE;
				CLANG_WARN_UNREACHABLE_CODE = YES;
				CLANG_WARN__DUPLICATE_METHOD_MATCH = YES;
				CODE_SIGN_IDENTITY = "iPhone Developer";
				COPY_PHASE_STRIP = NO;
				DEBUG_INFORMATION_FORMAT = "dwarf-with-dsym";
				ENABLE_NS_ASSERTIONS = NO;
				ENABLE_STRICT_OBJC_MSGSEND = YES;
				GCC_C_LANGUAGE_STANDARD = gnu11;
				GCC_NO_COMMON_BLOCKS = YES;
				GCC_WARN_64_TO_32_BIT_CONVERSION = YES;
				GCC_WARN_ABOUT_RETURN_TYPE = YES_ERROR;
				GCC_WARN_UNDECLARED_SELECTOR = YES;
				GCC_WARN_UNINITIALIZED_AUTOS = YES_AGGRESSIVE;
				GCC_WARN_UNUSED_FUNCTION = YES;
				GCC_WARN_UNUSED_VARIABLE = YES;
				IPHONEOS_DEPLOYMENT_TARGET = 11.2;
				MTL_ENABLE_DEBUG_INFO = NO;
				SDKROOT = iphoneos;
				SWIFT_OPTIMIZATION_LEVEL = "-Owholemodule";
				VALIDATE_PRODUCT = YES;
			};
			name = Release;
		};
		929E0767200CAC5C004F8BA1 /* Debug */ = {
			isa = XCBuildConfiguration;
			baseConfigurationReference = E7EC662E09DE86EE4C160C82 /* Pods-CoreDataNetworkLayer.debug.xcconfig */;
			buildSettings = {
				ASSETCATALOG_COMPILER_APPICON_NAME = AppIcon;
				CODE_SIGN_STYLE = Automatic;
				INFOPLIST_FILE = CoreDataNetworkLayer/Info.plist;
				LD_RUNPATH_SEARCH_PATHS = "$(inherited) @executable_path/Frameworks";
				PRODUCT_BUNDLE_IDENTIFIER = com.CoreDataNetworkLayer;
				PRODUCT_NAME = "$(TARGET_NAME)";
				SWIFT_OBJC_BRIDGING_HEADER = CoreDataNetworkLayer/BridgingHeader.h;
				SWIFT_VERSION = 4.0;
				TARGETED_DEVICE_FAMILY = "1,2";
			};
			name = Debug;
		};
		929E0768200CAC5C004F8BA1 /* Release */ = {
			isa = XCBuildConfiguration;
			baseConfigurationReference = CC2119DC90FD9FF21AB39D2D /* Pods-CoreDataNetworkLayer.release.xcconfig */;
			buildSettings = {
				ASSETCATALOG_COMPILER_APPICON_NAME = AppIcon;
				CODE_SIGN_STYLE = Automatic;
				INFOPLIST_FILE = CoreDataNetworkLayer/Info.plist;
				LD_RUNPATH_SEARCH_PATHS = "$(inherited) @executable_path/Frameworks";
				PRODUCT_BUNDLE_IDENTIFIER = com.CoreDataNetworkLayer;
				PRODUCT_NAME = "$(TARGET_NAME)";
				SWIFT_OBJC_BRIDGING_HEADER = CoreDataNetworkLayer/BridgingHeader.h;
				SWIFT_VERSION = 4.0;
				TARGETED_DEVICE_FAMILY = "1,2";
			};
			name = Release;
		};
		929E076A200CAC5C004F8BA1 /* Debug */ = {
			isa = XCBuildConfiguration;
			baseConfigurationReference = 2D81067AFEC1A14768BDCA57 /* Pods-CoreDataNetworkLayerTests.debug.xcconfig */;
			buildSettings = {
				ALWAYS_EMBED_SWIFT_STANDARD_LIBRARIES = YES;
				BUNDLE_LOADER = "$(TEST_HOST)";
				CODE_SIGN_STYLE = Automatic;
				INFOPLIST_FILE = CoreDataNetworkLayerTests/Info.plist;
				LD_RUNPATH_SEARCH_PATHS = "$(inherited) @executable_path/Frameworks @loader_path/Frameworks";
				PRODUCT_BUNDLE_IDENTIFIER = com.CoreDataNetworkLayerTests;
				PRODUCT_NAME = "$(TARGET_NAME)";
				SWIFT_VERSION = 4.0;
				TARGETED_DEVICE_FAMILY = "1,2";
				TEST_HOST = "$(BUILT_PRODUCTS_DIR)/CoreDataNetworkLayer.app/CoreDataNetworkLayer";
			};
			name = Debug;
		};
		929E076B200CAC5C004F8BA1 /* Release */ = {
			isa = XCBuildConfiguration;
			baseConfigurationReference = FF02DB389CA067FD0888B7F2 /* Pods-CoreDataNetworkLayerTests.release.xcconfig */;
			buildSettings = {
				ALWAYS_EMBED_SWIFT_STANDARD_LIBRARIES = YES;
				BUNDLE_LOADER = "$(TEST_HOST)";
				CODE_SIGN_STYLE = Automatic;
				INFOPLIST_FILE = CoreDataNetworkLayerTests/Info.plist;
				LD_RUNPATH_SEARCH_PATHS = "$(inherited) @executable_path/Frameworks @loader_path/Frameworks";
				PRODUCT_BUNDLE_IDENTIFIER = com.CoreDataNetworkLayerTests;
				PRODUCT_NAME = "$(TARGET_NAME)";
				SWIFT_VERSION = 4.0;
				TARGETED_DEVICE_FAMILY = "1,2";
				TEST_HOST = "$(BUILT_PRODUCTS_DIR)/CoreDataNetworkLayer.app/CoreDataNetworkLayer";
			};
			name = Release;
		};
		929E076D200CAC5C004F8BA1 /* Debug */ = {
			isa = XCBuildConfiguration;
			baseConfigurationReference = 9922C9E5E406772BF51E32E3 /* Pods-CoreDataNetworkLayerUITests.debug.xcconfig */;
			buildSettings = {
				ALWAYS_EMBED_SWIFT_STANDARD_LIBRARIES = YES;
				CODE_SIGN_STYLE = Automatic;
				INFOPLIST_FILE = CoreDataNetworkLayerUITests/Info.plist;
				LD_RUNPATH_SEARCH_PATHS = "$(inherited) @executable_path/Frameworks @loader_path/Frameworks";
				PRODUCT_BUNDLE_IDENTIFIER = com.CoreDataNetworkLayerUITests;
				PRODUCT_NAME = "$(TARGET_NAME)";
				SWIFT_VERSION = 4.0;
				TARGETED_DEVICE_FAMILY = "1,2";
				TEST_TARGET_NAME = CoreDataNetworkLayer;
			};
			name = Debug;
		};
		929E076E200CAC5C004F8BA1 /* Release */ = {
			isa = XCBuildConfiguration;
			baseConfigurationReference = 8C08E25EA287EA8D4F3AEDE9 /* Pods-CoreDataNetworkLayerUITests.release.xcconfig */;
			buildSettings = {
				ALWAYS_EMBED_SWIFT_STANDARD_LIBRARIES = YES;
				CODE_SIGN_STYLE = Automatic;
				INFOPLIST_FILE = CoreDataNetworkLayerUITests/Info.plist;
				LD_RUNPATH_SEARCH_PATHS = "$(inherited) @executable_path/Frameworks @loader_path/Frameworks";
				PRODUCT_BUNDLE_IDENTIFIER = com.CoreDataNetworkLayerUITests;
				PRODUCT_NAME = "$(TARGET_NAME)";
				SWIFT_VERSION = 4.0;
				TARGETED_DEVICE_FAMILY = "1,2";
				TEST_TARGET_NAME = CoreDataNetworkLayer;
			};
			name = Release;
		};
/* End XCBuildConfiguration section */

/* Begin XCConfigurationList section */
		929E0739200CAC5B004F8BA1 /* Build configuration list for PBXProject "CoreDataNetworkLayer" */ = {
			isa = XCConfigurationList;
			buildConfigurations = (
				929E0764200CAC5C004F8BA1 /* Debug */,
				929E0765200CAC5C004F8BA1 /* Release */,
			);
			defaultConfigurationIsVisible = 0;
			defaultConfigurationName = Release;
		};
		929E0766200CAC5C004F8BA1 /* Build configuration list for PBXNativeTarget "CoreDataNetworkLayer" */ = {
			isa = XCConfigurationList;
			buildConfigurations = (
				929E0767200CAC5C004F8BA1 /* Debug */,
				929E0768200CAC5C004F8BA1 /* Release */,
			);
			defaultConfigurationIsVisible = 0;
			defaultConfigurationName = Release;
		};
		929E0769200CAC5C004F8BA1 /* Build configuration list for PBXNativeTarget "CoreDataNetworkLayerTests" */ = {
			isa = XCConfigurationList;
			buildConfigurations = (
				929E076A200CAC5C004F8BA1 /* Debug */,
				929E076B200CAC5C004F8BA1 /* Release */,
			);
			defaultConfigurationIsVisible = 0;
			defaultConfigurationName = Release;
		};
		929E076C200CAC5C004F8BA1 /* Build configuration list for PBXNativeTarget "CoreDataNetworkLayerUITests" */ = {
			isa = XCConfigurationList;
			buildConfigurations = (
				929E076D200CAC5C004F8BA1 /* Debug */,
				929E076E200CAC5C004F8BA1 /* Release */,
			);
			defaultConfigurationIsVisible = 0;
			defaultConfigurationName = Release;
		};
/* End XCConfigurationList section */

/* Begin XCVersionGroup section */
		92B4A76B2022093E00276B3F /* Caching.xcdatamodeld */ = {
			isa = XCVersionGroup;
			children = (
				92B4A76C2022093E00276B3F /* Caching.xcdatamodel */,
			);
			currentVersion = 92B4A76C2022093E00276B3F /* Caching.xcdatamodel */;
			path = Caching.xcdatamodeld;
			sourceTree = "<group>";
			versionGroupType = wrapper.xcdatamodel;
		};
		92B4A7822022093E00276B3F /* Company.xcdatamodeld */ = {
			isa = XCVersionGroup;
			children = (
				92B4A7832022093E00276B3F /* Company 2.xcdatamodel */,
				92B4A7842022093E00276B3F /* Company.xcdatamodel */,
			);
			currentVersion = 92B4A7832022093E00276B3F /* Company 2.xcdatamodel */;
			path = Company.xcdatamodeld;
			sourceTree = "<group>";
			versionGroupType = wrapper.xcdatamodel;
		};
/* End XCVersionGroup section */
	};
	rootObject = 929E0736200CAC5B004F8BA1 /* Project object */;
}
